
Microsoft Visual Studio Solution File, Format Version 12.00
# Visual Studio 14
VisualStudioVersion = 14.0.25123.0
MinimumVisualStudioVersion = 10.0.40219.1
Project("{A07B5EB6-E848-4116-A8D0-A826331D98C6}") = "ScalableObjects", "ScalableObjects\ScalableObjects.sfproj", "{DC4DDD5F-21E1-474C-A006-133DC0EE4B4F}"
EndProject
Project("{FAE04EC0-301F-11D3-BF4B-00C04F79EFBC}") = "API", "API\API.csproj", "{6C448A1A-DE53-44C9-94D3-68240A37690C}"
EndProject
Project("{FAE04EC0-301F-11D3-BF4B-00C04F79EFBC}") = "Objects", "Objects\Objects.csproj", "{160A034C-81AE-449C-96A8-782201BACCBC}"
EndProject
Project("{FAE04EC0-301F-11D3-BF4B-00C04F79EFBC}") = "Objects.Interfaces", "Objects.Interfaces\Objects.Interfaces.csproj", "{2A25D982-DE58-4E22-8887-3799AF174965}"
EndProject
Project("{FAE04EC0-301F-11D3-BF4B-00C04F79EFBC}") = "Frontend", "Frontend\Frontend.csproj", "{DACF47D0-1168-4FC3-A9C6-A217C432CCE1}"
EndProject
Project("{FAE04EC0-301F-11D3-BF4B-00C04F79EFBC}") = "Admin", "Admin\Admin.csproj", "{A0CE2060-69A9-42F8-8B7F-FD0E449AAA26}"
EndProject
Project("{E24C65DC-7377-472B-9ABA-BC803B73C61A}") = "Code", "Admin\PackageRoot\Code\", "{85C8A3DE-7944-43AC-8E3E-630299EA2E31}"
	ProjectSection(WebsiteProperties) = preProject
		TargetFrameworkMoniker = ".NETFramework,Version%3Dv4.5.2"
		Debug.AspNetCompiler.VirtualPath = "/localhost_9843"
		Debug.AspNetCompiler.PhysicalPath = "Admin\PackageRoot\Code\"
		Debug.AspNetCompiler.TargetPath = "PrecompiledWeb\localhost_9843\"
		Debug.AspNetCompiler.Updateable = "true"
		Debug.AspNetCompiler.ForceOverwrite = "true"
		Debug.AspNetCompiler.FixedNames = "false"
		Debug.AspNetCompiler.Debug = "True"
		Release.AspNetCompiler.VirtualPath = "/localhost_9843"
		Release.AspNetCompiler.PhysicalPath = "Admin\PackageRoot\Code\"
		Release.AspNetCompiler.TargetPath = "PrecompiledWeb\localhost_9843\"
		Release.AspNetCompiler.Updateable = "true"
		Release.AspNetCompiler.ForceOverwrite = "true"
		Release.AspNetCompiler.FixedNames = "false"
		Release.AspNetCompiler.Debug = "False"
		VWDPort = "9843"
		SlnRelativePath = "Admin\PackageRoot\Code\"
	EndProjectSection
EndProject
Global
	GlobalSection(SolutionConfigurationPlatforms) = preSolution
		Debug|Any CPU = Debug|Any CPU
		Debug|x64 = Debug|x64
		Release|Any CPU = Release|Any CPU
		Release|x64 = Release|x64
	EndGlobalSection
	GlobalSection(ProjectConfigurationPlatforms) = postSolution
		{DC4DDD5F-21E1-474C-A006-133DC0EE4B4F}.Debug|Any CPU.ActiveCfg = Debug|x64
		{DC4DDD5F-21E1-474C-A006-133DC0EE4B4F}.Debug|x64.ActiveCfg = Debug|x64
		{DC4DDD5F-21E1-474C-A006-133DC0EE4B4F}.Debug|x64.Build.0 = Debug|x64
		{DC4DDD5F-21E1-474C-A006-133DC0EE4B4F}.Debug|x64.Deploy.0 = Debug|x64
		{DC4DDD5F-21E1-474C-A006-133DC0EE4B4F}.Release|Any CPU.ActiveCfg = Release|x64
		{DC4DDD5F-21E1-474C-A006-133DC0EE4B4F}.Release|x64.ActiveCfg = Release|x64
		{DC4DDD5F-21E1-474C-A006-133DC0EE4B4F}.Release|x64.Build.0 = Release|x64
		{DC4DDD5F-21E1-474C-A006-133DC0EE4B4F}.Release|x64.Deploy.0 = Release|x64
		{6C448A1A-DE53-44C9-94D3-68240A37690C}.Debug|Any CPU.ActiveCfg = Debug|x64
		{6C448A1A-DE53-44C9-94D3-68240A37690C}.Debug|x64.ActiveCfg = Debug|x64
		{6C448A1A-DE53-44C9-94D3-68240A37690C}.Debug|x64.Build.0 = Debug|x64
		{6C448A1A-DE53-44C9-94D3-68240A37690C}.Release|Any CPU.ActiveCfg = Release|x64
		{6C448A1A-DE53-44C9-94D3-68240A37690C}.Release|x64.ActiveCfg = Release|x64
		{6C448A1A-DE53-44C9-94D3-68240A37690C}.Release|x64.Build.0 = Release|x64
		{160A034C-81AE-449C-96A8-782201BACCBC}.Debug|Any CPU.ActiveCfg = Debug|x64
		{160A034C-81AE-449C-96A8-782201BACCBC}.Debug|x64.ActiveCfg = Debug|x64
		{160A034C-81AE-449C-96A8-782201BACCBC}.Debug|x64.Build.0 = Debug|x64
		{160A034C-81AE-449C-96A8-782201BACCBC}.Release|Any CPU.ActiveCfg = Release|x64
		{160A034C-81AE-449C-96A8-782201BACCBC}.Release|x64.ActiveCfg = Release|x64
		{160A034C-81AE-449C-96A8-782201BACCBC}.Release|x64.Build.0 = Release|x64
		{2A25D982-DE58-4E22-8887-3799AF174965}.Debug|Any CPU.ActiveCfg = Debug|x64
		{2A25D982-DE58-4E22-8887-3799AF174965}.Debug|x64.ActiveCfg = Debug|x64
		{2A25D982-DE58-4E22-8887-3799AF174965}.Debug|x64.Build.0 = Debug|x64
		{2A25D982-DE58-4E22-8887-3799AF174965}.Release|Any CPU.ActiveCfg = Release|x64
		{2A25D982-DE58-4E22-8887-3799AF174965}.Release|x64.ActiveCfg = Release|x64
		{2A25D982-DE58-4E22-8887-3799AF174965}.Release|x64.Build.0 = Release|x64
		{DACF47D0-1168-4FC3-A9C6-A217C432CCE1}.Debug|Any CPU.ActiveCfg = Debug|x64
		{DACF47D0-1168-4FC3-A9C6-A217C432CCE1}.Debug|x64.ActiveCfg = Debug|x64
		{DACF47D0-1168-4FC3-A9C6-A217C432CCE1}.Debug|x64.Build.0 = Debug|x64
		{DACF47D0-1168-4FC3-A9C6-A217C432CCE1}.Release|Any CPU.ActiveCfg = Release|x64
		{DACF47D0-1168-4FC3-A9C6-A217C432CCE1}.Release|x64.ActiveCfg = Release|x64
		{DACF47D0-1168-4FC3-A9C6-A217C432CCE1}.Release|x64.Build.0 = Release|x64
		{A0CE2060-69A9-42F8-8B7F-FD0E449AAA26}.Debug|Any CPU.ActiveCfg = Debug|x64
		{A0CE2060-69A9-42F8-8B7F-FD0E449AAA26}.Debug|x64.ActiveCfg = Debug|x64
		{A0CE2060-69A9-42F8-8B7F-FD0E449AAA26}.Debug|x64.Build.0 = Debug|x64
		{A0CE2060-69A9-42F8-8B7F-FD0E449AAA26}.Release|Any CPU.ActiveCfg = Release|x64
		{A0CE2060-69A9-42F8-8B7F-FD0E449AAA26}.Release|x64.ActiveCfg = Release|x64
		{A0CE2060-69A9-42F8-8B7F-FD0E449AAA26}.Release|x64.Build.0 = Release|x64
		{85C8A3DE-7944-43AC-8E3E-630299EA2E31}.Debug|Any CPU.ActiveCfg = Debug|Any CPU
		{85C8A3DE-7944-43AC-8E3E-630299EA2E31}.Debug|Any CPU.Build.0 = Debug|Any CPU
		{85C8A3DE-7944-43AC-8E3E-630299EA2E31}.Debug|x64.ActiveCfg = Debug|Any CPU
		{85C8A3DE-7944-43AC-8E3E-630299EA2E31}.Debug|x64.Build.0 = Debug|Any CPU
		{85C8A3DE-7944-43AC-8E3E-630299EA2E31}.Release|Any CPU.ActiveCfg = Debug|Any CPU
		{85C8A3DE-7944-43AC-8E3E-630299EA2E31}.Release|Any CPU.Build.0 = Debug|Any CPU
		{85C8A3DE-7944-43AC-8E3E-630299EA2E31}.Release|x64.ActiveCfg = Debug|Any CPU
		{85C8A3DE-7944-43AC-8E3E-630299EA2E31}.Release|x64.Build.0 = Debug|Any CPU
	EndGlobalSection
	GlobalSection(SolutionProperties) = preSolution
		HideSolutionNode = FALSE
	EndGlobalSection
EndGlobal
